<Solution>
  <Folder Name="/src/">
    <Project Path="src/Domain/Domain.csproj" />
    <Project Path="src/Application/Application.csproj" />
    <Project Path="src/Logic.AppManagement/Logic.AppManagement.csproj" />
    <Project Path="src/Logic.AudioManagement/Logic.AudioManagement.csproj" />
    <Project Path="src/Logic.ModelManagement/Logic.ModelManagement.csproj" />
    <Project Path="src/Logic.GpuContactPoint/Logic.GpuContactPoint.csproj" />
    <Project Path="src/Infrastructure/Infrastructure.csproj" />
    <Project Path="src/Presentation/Presentation.csproj" />
  </Folder>
  <Folder Name="/tests/">
    <Project Path="tests/Application.Tests/Application.Tests.csproj" />
    <Project Path="tests/Architecture.Tests/Architecture.Tests.csproj" />
    <Project Path="tests/Dictation.Specs/Dictation.Specs.csproj" />
    <Project Path="tests/Domain.Tests/Domain.Tests.csproj" />
    <Project Path="tests/Hosting.Tests/Hosting.Tests.csproj" />
    <Project Path="tests/Infrastructure.Tests/Infrastructure.Tests.csproj" />
    <Project Path="tests/Logic.AppManagement.Tests/Logic.AppManagement.Tests.csproj" />
    <Project Path="tests/Logic.AudioManagement.Tests/Logic.AudioManagement.Tests.csproj" />
    <Project Path="tests/Logic.GpuContactPoint.Tests/Logic.GpuContactPoint.Tests.csproj" />
    <Project Path="tests/Logic.ModelManagement.Tests/Logic.ModelManagement.Tests.csproj" />
  </Folder>
</Solution>
